Microsoft Visual Studio Solution File, Format Version 11.00
# Visual Studio 2008

Project("{37DE3D81-5053-87D2-68A2-CEF66F0A3D57}") = "Atomium", "Assembly-CSharp.csproj", "{F1A4AF79-38CF-D102-1526-CD51E8981BD8}"
EndProject
Project("{37DE3D81-5053-87D2-68A2-CEF66F0A3D57}") = "Atomium", "Assembly-UnityScript.unityproj", "{546AD517-5A1B-DFC8-7703-C2BECDB618C5}"
EndProject
Global
	GlobalSection(SolutionConfigurationPlatforms) = preSolution
		Debug|Any CPU = Debug|Any CPU
		Release|Any CPU = Release|Any CPU
	EndGlobalSection
	GlobalSection(ProjectConfigurationPlatforms) = postSolution
		{F1A4AF79-38CF-D102-1526-CD51E8981BD8}.Debug|Any CPU.ActiveCfg = Debug|Any CPU
		{F1A4AF79-38CF-D102-1526-CD51E8981BD8}.Debug|Any CPU.Build.0 = Debug|Any CPU
		{F1A4AF79-38CF-D102-1526-CD51E8981BD8}.Release|Any CPU.ActiveCfg = Release|Any CPU
		{F1A4AF79-38CF-D102-1526-CD51E8981BD8}.Release|Any CPU.Build.0 = Release|Any CPU
		{546AD517-5A1B-DFC8-7703-C2BECDB618C5}.Debug|Any CPU.ActiveCfg = Debug|Any CPU
		{546AD517-5A1B-DFC8-7703-C2BECDB618C5}.Debug|Any CPU.Build.0 = Debug|Any CPU
		{546AD517-5A1B-DFC8-7703-C2BECDB618C5}.Release|Any CPU.ActiveCfg = Release|Any CPU
		{546AD517-5A1B-DFC8-7703-C2BECDB618C5}.Release|Any CPU.Build.0 = Release|Any CPU
	EndGlobalSection
	GlobalSection(SolutionProperties) = preSolution
		HideSolutionNode = FALSE
	EndGlobalSection
																																																																																																																																																																																																																																						GlobalSection(MonoDevelopProperties) = preSolution
		StartupItem = Assembly-CSharp.csproj
		Policies = $0
		$0.TextStylePolicy = $1
		$1.inheritsSet = null
		$1.scope = text/x-csharp
		$0.CSharpFormattingPolicy = $2
		$2.inheritsSet = Mono
		$2.inheritsScope = text/x-csharp
		$2.scope = text/x-csharp
		$0.TextStylePolicy = $3
		$3.FileWidth = 120
		$3.TabWidth = 4
		$3.EolMarker = Unix
		$3.inheritsSet = Mono
		$3.inheritsScope = text/plain
		$3.scope = text/plain
	EndGlobalSection

EndGlobal
